// !$*UTF8*$!
{
	archiveVersion = 1;
	classes = {
	};
	objectVersion = 70;
	objects = {

/* Begin PBXBuildFile section */
		012CF1362B472ADD008D5E81 /* SettingsView.swift in Sources */ = {isa = PBXBuildFile; fileRef = 012CF1352B472ADD008D5E81 /* SettingsView.swift */; };
		012CF1382B47370B008D5E81 /* MapPreference.swift in Sources */ = {isa = PBXBuildFile; fileRef = 012CF1372B47370B008D5E81 /* MapPreference.swift */; };
		012CF13A2B474FB8008D5E81 /* CustomAccentColor.swift in Sources */ = {isa = PBXBuildFile; fileRef = 012CF1392B474FB8008D5E81 /* CustomAccentColor.swift */; };
		0138AB792BBCBFD10036E7E2 /* ParkHere.swift in Sources */ = {isa = PBXBuildFile; fileRef = 0138AB782BBCBFD10036E7E2 /* ParkHere.swift */; };
		0157E5CE2BC5C73800A55A39 /* appstore-1.jpg in Resources */ = {isa = PBXBuildFile; fileRef = 0157E5CD2BC5C73800A55A39 /* appstore-1.jpg */; };
		016C38152C8FBD5000BD60F2 /* SettingsViewModel.swift in Sources */ = {isa = PBXBuildFile; fileRef = 016C38142C8FBD4500BD60F2 /* SettingsViewModel.swift */; };
		016C38172C8FC7B400BD60F2 /* ParkingSpotDetailViewModel.swift in Sources */ = {isa = PBXBuildFile; fileRef = 016C38162C8FC7AA00BD60F2 /* ParkingSpotDetailViewModel.swift */; };
		017713232CD3ED99002F2B28 /* ShopView.swift in Sources */ = {isa = PBXBuildFile; fileRef = 017713222CD3ED99002F2B28 /* ShopView.swift */; };
		017B60142B44DF6E005A3F96 /* ParkingSpot.swift in Sources */ = {isa = PBXBuildFile; fileRef = 017B60132B44DF6E005A3F96 /* ParkingSpot.swift */; };
		017B60172B44E0E4005A3F96 /* Utility.swift in Sources */ = {isa = PBXBuildFile; fileRef = 017B60162B44E0E4005A3F96 /* Utility.swift */; };
		017B60192B44EA7B005A3F96 /* LocationModel.swift in Sources */ = {isa = PBXBuildFile; fileRef = 017B60182B44EA7B005A3F96 /* LocationModel.swift */; };
		017B601B2B44F19A005A3F96 /* ParkingSpotAnnotationLabel.swift in Sources */ = {isa = PBXBuildFile; fileRef = 017B601A2B44F19A005A3F96 /* ParkingSpotAnnotationLabel.swift */; };
		017E12FA2B4C75EE0057B77E /* .gitignore in Resources */ = {isa = PBXBuildFile; fileRef = 017E12F92B4C75EE0057B77E /* .gitignore */; };
		0183B9942B44A27100FACACA /* Carpark_ReduxApp.swift in Sources */ = {isa = PBXBuildFile; fileRef = 0183B9932B44A27100FACACA /* Carpark_ReduxApp.swift */; };
		0183B99A2B44A27300FACACA /* Assets.xcassets in Resources */ = {isa = PBXBuildFile; fileRef = 0183B9992B44A27300FACACA /* Assets.xcassets */; };
		0183B99D2B44A27300FACACA /* Preview Assets.xcassets in Resources */ = {isa = PBXBuildFile; fileRef = 0183B99C2B44A27300FACACA /* Preview Assets.xcassets */; };
		0183B9A62B44A2ED00FACACA /* HomeView.swift in Sources */ = {isa = PBXBuildFile; fileRef = 0183B9A52B44A2ED00FACACA /* HomeView.swift */; };
		01A04CCB2C1B9AF200D2563F /* ArchiveRowLabel.swift in Sources */ = {isa = PBXBuildFile; fileRef = 01A04CCA2C1B9AF200D2563F /* ArchiveRowLabel.swift */; };
		01A9AC672BBF5F9000C46F9C /* PrivacyInfo.xcprivacy in Resources */ = {isa = PBXBuildFile; fileRef = 01A9AC662BBF5F9000C46F9C /* PrivacyInfo.xcprivacy */; };
		01C9CF1D2B44BA7B00CB90EB /* PRDataItem.swift in Sources */ = {isa = PBXBuildFile; fileRef = 01C9CF1C2B44BA7B00CB90EB /* PRDataItem.swift */; };
		01F516422B45D8C60021B487 /* LocationError.swift in Sources */ = {isa = PBXBuildFile; fileRef = 01F516412B45D8C60021B487 /* LocationError.swift */; };
		01F516442B45F2AD0021B487 /* AddButtonStyle.swift in Sources */ = {isa = PBXBuildFile; fileRef = 01F516432B45F2AD0021B487 /* AddButtonStyle.swift */; };
		01F516462B461BE20021B487 /* ArchiveView.swift in Sources */ = {isa = PBXBuildFile; fileRef = 01F516452B461BE20021B487 /* ArchiveView.swift */; };
		01F516482B4647360021B487 /* ParkingSpotDetailView.swift in Sources */ = {isa = PBXBuildFile; fileRef = 01F516472B4647360021B487 /* ParkingSpotDetailView.swift */; };
/* End PBXBuildFile section */

/* Begin PBXFileReference section */
		012CF1352B472ADD008D5E81 /* SettingsView.swift */ = {isa = PBXFileReference; lastKnownFileType = sourcecode.swift; path = SettingsView.swift; sourceTree = "<group>"; };
		012CF1372B47370B008D5E81 /* MapPreference.swift */ = {isa = PBXFileReference; lastKnownFileType = sourcecode.swift; path = MapPreference.swift; sourceTree = "<group>"; };
		012CF1392B474FB8008D5E81 /* CustomAccentColor.swift */ = {isa = PBXFileReference; lastKnownFileType = sourcecode.swift; path = CustomAccentColor.swift; sourceTree = "<group>"; };
		0138AB782BBCBFD10036E7E2 /* ParkHere.swift */ = {isa = PBXFileReference; lastKnownFileType = sourcecode.swift; path = ParkHere.swift; sourceTree = "<group>"; };
		0157E5CC2BC5C5D800A55A39 /* README.md */ = {isa = PBXFileReference; lastKnownFileType = net.daringfireball.markdown; path = README.md; sourceTree = "<group>"; };
		0157E5CD2BC5C73800A55A39 /* appstore-1.jpg */ = {isa = PBXFileReference; lastKnownFileType = image.jpeg; path = "appstore-1.jpg"; sourceTree = "<group>"; };
		016C38142C8FBD4500BD60F2 /* SettingsViewModel.swift */ = {isa = PBXFileReference; lastKnownFileType = sourcecode.swift; path = SettingsViewModel.swift; sourceTree = "<group>"; };
		016C38162C8FC7AA00BD60F2 /* ParkingSpotDetailViewModel.swift */ = {isa = PBXFileReference; lastKnownFileType = sourcecode.swift; path = ParkingSpotDetailViewModel.swift; sourceTree = "<group>"; };
		017713222CD3ED99002F2B28 /* ShopView.swift */ = {isa = PBXFileReference; lastKnownFileType = sourcecode.swift; path = ShopView.swift; sourceTree = "<group>"; };
		017B60132B44DF6E005A3F96 /* ParkingSpot.swift */ = {isa = PBXFileReference; lastKnownFileType = sourcecode.swift; path = ParkingSpot.swift; sourceTree = "<group>"; };
		017B60162B44E0E4005A3F96 /* Utility.swift */ = {isa = PBXFileReference; lastKnownFileType = sourcecode.swift; path = Utility.swift; sourceTree = "<group>"; };
		017B60182B44EA7B005A3F96 /* LocationModel.swift */ = {isa = PBXFileReference; lastKnownFileType = sourcecode.swift; path = LocationModel.swift; sourceTree = "<group>"; };
		017B601A2B44F19A005A3F96 /* ParkingSpotAnnotationLabel.swift */ = {isa = PBXFileReference; lastKnownFileType = sourcecode.swift; path = ParkingSpotAnnotationLabel.swift; sourceTree = "<group>"; };
		017E12F92B4C75EE0057B77E /* .gitignore */ = {isa = PBXFileReference; lastKnownFileType = text; path = .gitignore; sourceTree = "<group>"; };
		0183B9902B44A27100FACACA /* Carpark Redux.app */ = {isa = PBXFileReference; explicitFileType = wrapper.application; includeInIndex = 0; path = "Carpark Redux.app"; sourceTree = BUILT_PRODUCTS_DIR; };
		0183B9932B44A27100FACACA /* Carpark_ReduxApp.swift */ = {isa = PBXFileReference; lastKnownFileType = sourcecode.swift; path = Carpark_ReduxApp.swift; sourceTree = "<group>"; };
		0183B9992B44A27300FACACA /* Assets.xcassets */ = {isa = PBXFileReference; lastKnownFileType = folder.assetcatalog; path = Assets.xcassets; sourceTree = "<group>"; };
		0183B99C2B44A27300FACACA /* Preview Assets.xcassets */ = {isa = PBXFileReference; lastKnownFileType = folder.assetcatalog; path = "Preview Assets.xcassets"; sourceTree = "<group>"; };
		0183B99E2B44A27300FACACA /* Carpark_Redux.entitlements */ = {isa = PBXFileReference; lastKnownFileType = text.plist.entitlements; path = Carpark_Redux.entitlements; sourceTree = "<group>"; };
		0183B99F2B44A27300FACACA /* Info.plist */ = {isa = PBXFileReference; lastKnownFileType = text.plist.xml; path = Info.plist; sourceTree = "<group>"; };
		0183B9A52B44A2ED00FACACA /* HomeView.swift */ = {isa = PBXFileReference; lastKnownFileType = sourcecode.swift; path = HomeView.swift; sourceTree = "<group>"; };
		01A04CCA2C1B9AF200D2563F /* ArchiveRowLabel.swift */ = {isa = PBXFileReference; lastKnownFileType = sourcecode.swift; path = ArchiveRowLabel.swift; sourceTree = "<group>"; };
		01A9AC662BBF5F9000C46F9C /* PrivacyInfo.xcprivacy */ = {isa = PBXFileReference; lastKnownFileType = text.xml; path = PrivacyInfo.xcprivacy; sourceTree = "<group>"; };
		01C9CF1C2B44BA7B00CB90EB /* PRDataItem.swift */ = {isa = PBXFileReference; lastKnownFileType = sourcecode.swift; path = PRDataItem.swift; sourceTree = "<group>"; };
		01F516412B45D8C60021B487 /* LocationError.swift */ = {isa = PBXFileReference; lastKnownFileType = sourcecode.swift; path = LocationError.swift; sourceTree = "<group>"; };
		01F516432B45F2AD0021B487 /* AddButtonStyle.swift */ = {isa = PBXFileReference; lastKnownFileType = sourcecode.swift; path = AddButtonStyle.swift; sourceTree = "<group>"; };
		01F516452B461BE20021B487 /* ArchiveView.swift */ = {isa = PBXFileReference; lastKnownFileType = sourcecode.swift; path = ArchiveView.swift; sourceTree = "<group>"; };
		01F516472B4647360021B487 /* ParkingSpotDetailView.swift */ = {isa = PBXFileReference; lastKnownFileType = sourcecode.swift; path = ParkingSpotDetailView.swift; sourceTree = "<group>"; };
/* End PBXFileReference section */

/* Begin PBXFileSystemSynchronizedRootGroup section */
		01F07B962CD2FBB300085847 /* In-App Purchase */ = {isa = PBXFileSystemSynchronizedRootGroup; explicitFileTypes = {}; explicitFolders = (); path = "In-App Purchase"; sourceTree = "<group>"; };
/* End PBXFileSystemSynchronizedRootGroup section */

/* Begin PBXFrameworksBuildPhase section */
		0183B98D2B44A27100FACACA /* Frameworks */ = {
			isa = PBXFrameworksBuildPhase;
			buildActionMask = 2147483647;
			files = (
			);
			runOnlyForDeploymentPostprocessing = 0;
		};
/* End PBXFrameworksBuildPhase section */

/* Begin PBXGroup section */
		017B60152B44E0C1005A3F96 /* Misc */ = {
			isa = PBXGroup;
			children = (
				0138AB782BBCBFD10036E7E2 /* ParkHere.swift */,
				0183B9932B44A27100FACACA /* Carpark_ReduxApp.swift */,
				017B60162B44E0E4005A3F96 /* Utility.swift */,
				017B60182B44EA7B005A3F96 /* LocationModel.swift */,
			);
			path = Misc;
			sourceTree = "<group>";
		};
		0183B9872B44A27100FACACA = {
			isa = PBXGroup;
			children = (
				0157E5CD2BC5C73800A55A39 /* appstore-1.jpg */,
				0157E5CC2BC5C5D800A55A39 /* README.md */,
				01A9AC662BBF5F9000C46F9C /* PrivacyInfo.xcprivacy */,
				017E12F92B4C75EE0057B77E /* .gitignore */,
				0183B9922B44A27100FACACA /* Carpark Redux */,
				0183B9912B44A27100FACACA /* Products */,
			);
			sourceTree = "<group>";
		};
		0183B9912B44A27100FACACA /* Products */ = {
			isa = PBXGroup;
			children = (
				0183B9902B44A27100FACACA /* Carpark Redux.app */,
			);
			name = Products;
			sourceTree = "<group>";
		};
		0183B9922B44A27100FACACA /* Carpark Redux */ = {
			isa = PBXGroup;
			children = (
				01F07B962CD2FBB300085847 /* In-App Purchase */,
				017B60152B44E0C1005A3F96 /* Misc */,
				01C9CF1F2B44BAF800CB90EB /* Views */,
				01C9CF1E2B44BAEF00CB90EB /* Types */,
				0183B9992B44A27300FACACA /* Assets.xcassets */,
				0183B99E2B44A27300FACACA /* Carpark_Redux.entitlements */,
				0183B99F2B44A27300FACACA /* Info.plist */,
				0183B99B2B44A27300FACACA /* Preview Content */,
			);
			path = "Carpark Redux";
			sourceTree = "<group>";
		};
		0183B99B2B44A27300FACACA /* Preview Content */ = {
			isa = PBXGroup;
			children = (
				0183B99C2B44A27300FACACA /* Preview Assets.xcassets */,
			);
			path = "Preview Content";
			sourceTree = "<group>";
		};
		01C9CF1E2B44BAEF00CB90EB /* Types */ = {
			isa = PBXGroup;
			children = (
				016C38162C8FC7AA00BD60F2 /* ParkingSpotDetailViewModel.swift */,
				016C38142C8FBD4500BD60F2 /* SettingsViewModel.swift */,
				01C9CF1C2B44BA7B00CB90EB /* PRDataItem.swift */,
				017B60132B44DF6E005A3F96 /* ParkingSpot.swift */,
				01F516412B45D8C60021B487 /* LocationError.swift */,
				01F516432B45F2AD0021B487 /* AddButtonStyle.swift */,
				012CF1372B47370B008D5E81 /* MapPreference.swift */,
				012CF1392B474FB8008D5E81 /* CustomAccentColor.swift */,
			);
			path = Types;
			sourceTree = "<group>";
		};
		01C9CF1F2B44BAF800CB90EB /* Views */ = {
			isa = PBXGroup;
			children = (
				0183B9A52B44A2ED00FACACA /* HomeView.swift */,
				017B601A2B44F19A005A3F96 /* ParkingSpotAnnotationLabel.swift */,
				01F516452B461BE20021B487 /* ArchiveView.swift */,
				01F516472B4647360021B487 /* ParkingSpotDetailView.swift */,
				012CF1352B472ADD008D5E81 /* SettingsView.swift */,
				01A04CCA2C1B9AF200D2563F /* ArchiveRowLabel.swift */,
				017713222CD3ED99002F2B28 /* ShopView.swift */,
			);
			path = Views;
			sourceTree = "<group>";
		};
/* End PBXGroup section */

/* Begin PBXNativeTarget section */
		0183B98F2B44A27100FACACA /* Carpark Redux */ = {
			isa = PBXNativeTarget;
			buildConfigurationList = 0183B9A22B44A27300FACACA /* Build configuration list for PBXNativeTarget "Carpark Redux" */;
			buildPhases = (
				0183B98C2B44A27100FACACA /* Sources */,
				0183B98D2B44A27100FACACA /* Frameworks */,
				0183B98E2B44A27100FACACA /* Resources */,
			);
			buildRules = (
			);
			dependencies = (
			);
			fileSystemSynchronizedGroups = (
				01F07B962CD2FBB300085847 /* In-App Purchase */,
			);
			name = "Carpark Redux";
			productName = "Carpark Redux";
			productReference = 0183B9902B44A27100FACACA /* Carpark Redux.app */;
			productType = "com.apple.product-type.application";
		};
/* End PBXNativeTarget section */

/* Begin PBXProject section */
		0183B9882B44A27100FACACA /* Project object */ = {
			isa = PBXProject;
			attributes = {
				BuildIndependentTargetsInParallel = 1;
				LastSwiftUpdateCheck = 1510;
				LastUpgradeCheck = 1510;
				TargetAttributes = {
					0183B98F2B44A27100FACACA = {
						CreatedOnToolsVersion = 15.1;
					};
				};
			};
			buildConfigurationList = 0183B98B2B44A27100FACACA /* Build configuration list for PBXProject "Carpark Redux" */;
			compatibilityVersion = "Xcode 14.0";
			developmentRegion = en;
			hasScannedForEncodings = 0;
			knownRegions = (
				en,
				Base,
			);
			mainGroup = 0183B9872B44A27100FACACA;
			productRefGroup = 0183B9912B44A27100FACACA /* Products */;
			projectDirPath = "";
			projectRoot = "";
			targets = (
				0183B98F2B44A27100FACACA /* Carpark Redux */,
			);
		};
/* End PBXProject section */

/* Begin PBXResourcesBuildPhase section */
		0183B98E2B44A27100FACACA /* Resources */ = {
			isa = PBXResourcesBuildPhase;
			buildActionMask = 2147483647;
			files = (
				0183B99D2B44A27300FACACA /* Preview Assets.xcassets in Resources */,
				017E12FA2B4C75EE0057B77E /* .gitignore in Resources */,
				01A9AC672BBF5F9000C46F9C /* PrivacyInfo.xcprivacy in Resources */,
				0157E5CE2BC5C73800A55A39 /* appstore-1.jpg in Resources */,
				0183B99A2B44A27300FACACA /* Assets.xcassets in Resources */,
			);
			runOnlyForDeploymentPostprocessing = 0;
		};
/* End PBXResourcesBuildPhase section */

/* Begin PBXSourcesBuildPhase section */
		0183B98C2B44A27100FACACA /* Sources */ = {
			isa = PBXSourcesBuildPhase;
			buildActionMask = 2147483647;
			files = (
				01F516442B45F2AD0021B487 /* AddButtonStyle.swift in Sources */,
				017B60172B44E0E4005A3F96 /* Utility.swift in Sources */,
				01C9CF1D2B44BA7B00CB90EB /* PRDataItem.swift in Sources */,
				0183B9A62B44A2ED00FACACA /* HomeView.swift in Sources */,
				012CF1382B47370B008D5E81 /* MapPreference.swift in Sources */,
				017B601B2B44F19A005A3F96 /* ParkingSpotAnnotationLabel.swift in Sources */,
				01A04CCB2C1B9AF200D2563F /* ArchiveRowLabel.swift in Sources */,
				017713232CD3ED99002F2B28 /* ShopView.swift in Sources */,
				017B60142B44DF6E005A3F96 /* ParkingSpot.swift in Sources */,
				016C38172C8FC7B400BD60F2 /* ParkingSpotDetailViewModel.swift in Sources */,
				016C38152C8FBD5000BD60F2 /* SettingsViewModel.swift in Sources */,
				012CF1362B472ADD008D5E81 /* SettingsView.swift in Sources */,
				012CF13A2B474FB8008D5E81 /* CustomAccentColor.swift in Sources */,
				01F516422B45D8C60021B487 /* LocationError.swift in Sources */,
				0138AB792BBCBFD10036E7E2 /* ParkHere.swift in Sources */,
				01F516482B4647360021B487 /* ParkingSpotDetailView.swift in Sources */,
				01F516462B461BE20021B487 /* ArchiveView.swift in Sources */,
				017B60192B44EA7B005A3F96 /* LocationModel.swift in Sources */,
				0183B9942B44A27100FACACA /* Carpark_ReduxApp.swift in Sources */,
			);
			runOnlyForDeploymentPostprocessing = 0;
		};
/* End PBXSourcesBuildPhase section */

/* Begin XCBuildConfiguration section */
		0183B9A02B44A27300FACACA /* Debug */ = {
			isa = XCBuildConfiguration;
			buildSettings = {
				ALWAYS_SEARCH_USER_PATHS = NO;
				ASSETCATALOG_COMPILER_GENERATE_SWIFT_ASSET_SYMBOL_EXTENSIONS = YES;
				CLANG_ANALYZER_NONNULL = YES;
				CLANG_ANALYZER_NUMBER_OBJECT_CONVERSION = YES_AGGRESSIVE;
				CLANG_CXX_LANGUAGE_STANDARD = "gnu++20";
				CLANG_ENABLE_MODULES = YES;
				CLANG_ENABLE_OBJC_ARC = YES;
				CLANG_ENABLE_OBJC_WEAK = YES;
				CLANG_WARN_BLOCK_CAPTURE_AUTORELEASING = YES;
				CLANG_WARN_BOOL_CONVERSION = YES;
				CLANG_WARN_COMMA = YES;
				CLANG_WARN_CONSTANT_CONVERSION = YES;
				CLANG_WARN_DEPRECATED_OBJC_IMPLEMENTATIONS = YES;
				CLANG_WARN_DIRECT_OBJC_ISA_USAGE = YES_ERROR;
				CLANG_WARN_DOCUMENTATION_COMMENTS = YES;
				CLANG_WARN_EMPTY_BODY = YES;
				CLANG_WARN_ENUM_CONVERSION = YES;
				CLANG_WARN_INFINITE_RECURSION = YES;
				CLANG_WARN_INT_CONVERSION = YES;
				CLANG_WARN_NON_LITERAL_NULL_CONVERSION = YES;
				CLANG_WARN_OBJC_IMPLICIT_RETAIN_SELF = YES;
				CLANG_WARN_OBJC_LITERAL_CONVERSION = YES;
				CLANG_WARN_OBJC_ROOT_CLASS = YES_ERROR;
				CLANG_WARN_QUOTED_INCLUDE_IN_FRAMEWORK_HEADER = YES;
				CLANG_WARN_RANGE_LOOP_ANALYSIS = YES;
				CLANG_WARN_STRICT_PROTOTYPES = YES;
				CLANG_WARN_SUSPICIOUS_MOVE = YES;
				CLANG_WARN_UNGUARDED_AVAILABILITY = YES_AGGRESSIVE;
				CLANG_WARN_UNREACHABLE_CODE = YES;
				CLANG_WARN__DUPLICATE_METHOD_MATCH = YES;
				COPY_PHASE_STRIP = NO;
				DEBUG_INFORMATION_FORMAT = dwarf;
				ENABLE_STRICT_OBJC_MSGSEND = YES;
				ENABLE_TESTABILITY = YES;
				ENABLE_USER_SCRIPT_SANDBOXING = YES;
				GCC_C_LANGUAGE_STANDARD = gnu17;
				GCC_DYNAMIC_NO_PIC = NO;
				GCC_NO_COMMON_BLOCKS = YES;
				GCC_OPTIMIZATION_LEVEL = 0;
				GCC_PREPROCESSOR_DEFINITIONS = (
					"DEBUG=1",
					"$(inherited)",
				);
				GCC_WARN_64_TO_32_BIT_CONVERSION = YES;
				GCC_WARN_ABOUT_RETURN_TYPE = YES_ERROR;
				GCC_WARN_UNDECLARED_SELECTOR = YES;
				GCC_WARN_UNINITIALIZED_AUTOS = YES_AGGRESSIVE;
				GCC_WARN_UNUSED_FUNCTION = YES;
				GCC_WARN_UNUSED_VARIABLE = YES;
				IPHONEOS_DEPLOYMENT_TARGET = 17.2;
				LOCALIZATION_PREFERS_STRING_CATALOGS = YES;
				MTL_ENABLE_DEBUG_INFO = INCLUDE_SOURCE;
				MTL_FAST_MATH = YES;
				ONLY_ACTIVE_ARCH = YES;
				SDKROOT = iphoneos;
				SWIFT_ACTIVE_COMPILATION_CONDITIONS = "DEBUG $(inherited)";
				SWIFT_OPTIMIZATION_LEVEL = "-Onone";
			};
			name = Debug;
		};
		0183B9A12B44A27300FACACA /* Release */ = {
			isa = XCBuildConfiguration;
			buildSettings = {
				ALWAYS_SEARCH_USER_PATHS = NO;
				ASSETCATALOG_COMPILER_GENERATE_SWIFT_ASSET_SYMBOL_EXTENSIONS = YES;
				CLANG_ANALYZER_NONNULL = YES;
				CLANG_ANALYZER_NUMBER_OBJECT_CONVERSION = YES_AGGRESSIVE;
				CLANG_CXX_LANGUAGE_STANDARD = "gnu++20";
				CLANG_ENABLE_MODULES = YES;
				CLANG_ENABLE_OBJC_ARC = YES;
				CLANG_ENABLE_OBJC_WEAK = YES;
				CLANG_WARN_BLOCK_CAPTURE_AUTORELEASING = YES;
				CLANG_WARN_BOOL_CONVERSION = YES;
				CLANG_WARN_COMMA = YES;
				CLANG_WARN_CONSTANT_CONVERSION = YES;
				CLANG_WARN_DEPRECATED_OBJC_IMPLEMENTATIONS = YES;
				CLANG_WARN_DIRECT_OBJC_ISA_USAGE = YES_ERROR;
				CLANG_WARN_DOCUMENTATION_COMMENTS = YES;
				CLANG_WARN_EMPTY_BODY = YES;
				CLANG_WARN_ENUM_CONVERSION = YES;
				CLANG_WARN_INFINITE_RECURSION = YES;
				CLANG_WARN_INT_CONVERSION = YES;
				CLANG_WARN_NON_LITERAL_NULL_CONVERSION = YES;
				CLANG_WARN_OBJC_IMPLICIT_RETAIN_SELF = YES;
				CLANG_WARN_OBJC_LITERAL_CONVERSION = YES;
				CLANG_WARN_OBJC_ROOT_CLASS = YES_ERROR;
				CLANG_WARN_QUOTED_INCLUDE_IN_FRAMEWORK_HEADER = YES;
				CLANG_WARN_RANGE_LOOP_ANALYSIS = YES;
				CLANG_WARN_STRICT_PROTOTYPES = YES;
				CLANG_WARN_SUSPICIOUS_MOVE = YES;
				CLANG_WARN_UNGUARDED_AVAILABILITY = YES_AGGRESSIVE;
				CLANG_WARN_UNREACHABLE_CODE = YES;
				CLANG_WARN__DUPLICATE_METHOD_MATCH = YES;
				COPY_PHASE_STRIP = NO;
				DEBUG_INFORMATION_FORMAT = "dwarf-with-dsym";
				ENABLE_NS_ASSERTIONS = NO;
				ENABLE_STRICT_OBJC_MSGSEND = YES;
				ENABLE_USER_SCRIPT_SANDBOXING = YES;
				GCC_C_LANGUAGE_STANDARD = gnu17;
				GCC_NO_COMMON_BLOCKS = YES;
				GCC_WARN_64_TO_32_BIT_CONVERSION = YES;
				GCC_WARN_ABOUT_RETURN_TYPE = YES_ERROR;
				GCC_WARN_UNDECLARED_SELECTOR = YES;
				GCC_WARN_UNINITIALIZED_AUTOS = YES_AGGRESSIVE;
				GCC_WARN_UNUSED_FUNCTION = YES;
				GCC_WARN_UNUSED_VARIABLE = YES;
				IPHONEOS_DEPLOYMENT_TARGET = 17.2;
				LOCALIZATION_PREFERS_STRING_CATALOGS = YES;
				MTL_ENABLE_DEBUG_INFO = NO;
				MTL_FAST_MATH = YES;
				SDKROOT = iphoneos;
				SWIFT_COMPILATION_MODE = wholemodule;
				VALIDATE_PRODUCT = YES;
			};
			name = Release;
		};
		0183B9A32B44A27300FACACA /* Debug */ = {
			isa = XCBuildConfiguration;
			buildSettings = {
				ASSETCATALOG_COMPILER_APPICON_NAME = AppIcon;
				ASSETCATALOG_COMPILER_GLOBAL_ACCENT_COLOR_NAME = AccentColor;
				CODE_SIGN_ENTITLEMENTS = "Carpark Redux/Carpark_Redux.entitlements";
				CODE_SIGN_IDENTITY = "Apple Development";
				CODE_SIGN_STYLE = Automatic;
				CURRENT_PROJECT_VERSION = 1;
				DEVELOPMENT_ASSET_PATHS = "\"Carpark Redux/Preview Content\"";
				DEVELOPMENT_TEAM = CCAQHTG68D;
				ENABLE_PREVIEWS = YES;
				GENERATE_INFOPLIST_FILE = YES;
				INFOPLIST_FILE = "Carpark Redux/Info.plist";
				INFOPLIST_KEY_CFBundleDisplayName = Carpark;
				INFOPLIST_KEY_LSApplicationCategoryType = "public.app-category.utilities";
				INFOPLIST_KEY_NSLocationAlwaysAndWhenInUseUsageDescription = "Location access is needed in order to mark your parking spot and to display directions";
				INFOPLIST_KEY_NSLocationWhenInUseUsageDescription = "Location access is needed in order to mark your parking spot and to display directions";
				INFOPLIST_KEY_UIApplicationSceneManifest_Generation = YES;
				INFOPLIST_KEY_UIApplicationSupportsIndirectInputEvents = YES;
				INFOPLIST_KEY_UILaunchScreen_Generation = YES;
				INFOPLIST_KEY_UISupportedInterfaceOrientations = "UIInterfaceOrientationPortrait UIInterfaceOrientationPortraitUpsideDown";
				INFOPLIST_KEY_UISupportedInterfaceOrientations_iPad = "UIInterfaceOrientationLandscapeLeft UIInterfaceOrientationLandscapeRight UIInterfaceOrientationPortrait UIInterfaceOrientationPortraitUpsideDown";
				IPHONEOS_DEPLOYMENT_TARGET = 17.2;
				LD_RUNPATH_SEARCH_PATHS = (
					"$(inherited)",
					"@executable_path/Frameworks",
				);
				MARKETING_VERSION = 2.2;
				PRODUCT_BUNDLE_IDENTIFIER = com.johnslevin.Carpark;
				PRODUCT_NAME = "$(TARGET_NAME)";
				PROVISIONING_PROFILE_SPECIFIER = "";
				SUPPORTED_PLATFORMS = "iphoneos iphonesimulator";
				SUPPORTS_MACCATALYST = NO;
				SUPPORTS_MAC_DESIGNED_FOR_IPHONE_IPAD = NO;
				SUPPORTS_XR_DESIGNED_FOR_IPHONE_IPAD = NO;
				SWIFT_EMIT_LOC_STRINGS = YES;
				SWIFT_STRICT_CONCURRENCY = complete;
				SWIFT_VERSION = 5.0;
				TARGETED_DEVICE_FAMILY = 1;
			};
			name = Debug;
		};
		0183B9A42B44A27300FACACA /* Release */ = {
			isa = XCBuildConfiguration;
			buildSettings = {
				ASSETCATALOG_COMPILER_APPICON_NAME = AppIcon;
				ASSETCATALOG_COMPILER_GLOBAL_ACCENT_COLOR_NAME = AccentColor;
				CODE_SIGN_ENTITLEMENTS = "Carpark Redux/Carpark_Redux.entitlements";
				CODE_SIGN_IDENTITY = "Apple Development";
				CODE_SIGN_STYLE = Automatic;
				CURRENT_PROJECT_VERSION = 1;
				DEVELOPMENT_ASSET_PATHS = "\"Carpark Redux/Preview Content\"";
				DEVELOPMENT_TEAM = CCAQHTG68D;
				ENABLE_PREVIEWS = YES;
				GENERATE_INFOPLIST_FILE = YES;
				INFOPLIST_FILE = "Carpark Redux/Info.plist";
				INFOPLIST_KEY_CFBundleDisplayName = Carpark;
				INFOPLIST_KEY_LSApplicationCategoryType = "public.app-category.utilities";
				INFOPLIST_KEY_NSLocationAlwaysAndWhenInUseUsageDescription = "Location access is needed in order to mark your parking spot and to display directions";
				INFOPLIST_KEY_NSLocationWhenInUseUsageDescription = "Location access is needed in order to mark your parking spot and to display directions";
				INFOPLIST_KEY_UIApplicationSceneManifest_Generation = YES;
				INFOPLIST_KEY_UIApplicationSupportsIndirectInputEvents = YES;
				INFOPLIST_KEY_UILaunchScreen_Generation = YES;
				INFOPLIST_KEY_UISupportedInterfaceOrientations = "UIInterfaceOrientationPortrait UIInterfaceOrientationPortraitUpsideDown";
				INFOPLIST_KEY_UISupportedInterfaceOrientations_iPad = "UIInterfaceOrientationLandscapeLeft UIInterfaceOrientationLandscapeRight UIInterfaceOrientationPortrait UIInterfaceOrientationPortraitUpsideDown";
				IPHONEOS_DEPLOYMENT_TARGET = 17.2;
				LD_RUNPATH_SEARCH_PATHS = (
					"$(inherited)",
					"@executable_path/Frameworks",
				);
				MARKETING_VERSION = 2.2;
				PRODUCT_BUNDLE_IDENTIFIER = com.johnslevin.Carpark;
				PRODUCT_NAME = "$(TARGET_NAME)";
				PROVISIONING_PROFILE_SPECIFIER = "";
				SUPPORTED_PLATFORMS = "iphoneos iphonesimulator";
				SUPPORTS_MACCATALYST = NO;
				SUPPORTS_MAC_DESIGNED_FOR_IPHONE_IPAD = NO;
				SUPPORTS_XR_DESIGNED_FOR_IPHONE_IPAD = NO;
				SWIFT_EMIT_LOC_STRINGS = YES;
				SWIFT_STRICT_CONCURRENCY = complete;
				SWIFT_VERSION = 5.0;
				TARGETED_DEVICE_FAMILY = 1;
			};
			name = Release;
		};
/* End XCBuildConfiguration section */

/* Begin XCConfigurationList section */
		0183B98B2B44A27100FACACA /* Build configuration list for PBXProject "Carpark Redux" */ = {
			isa = XCConfigurationList;
			buildConfigurations = (
				0183B9A02B44A27300FACACA /* Debug */,
				0183B9A12B44A27300FACACA /* Release */,
			);
			defaultConfigurationIsVisible = 0;
			defaultConfigurationName = Release;
		};
		0183B9A22B44A27300FACACA /* Build configuration list for PBXNativeTarget "Carpark Redux" */ = {
			isa = XCConfigurationList;
			buildConfigurations = (
				0183B9A32B44A27300FACACA /* Debug */,
				0183B9A42B44A27300FACACA /* Release */,
			);
			defaultConfigurationIsVisible = 0;
			defaultConfigurationName = Release;
		};
/* End XCConfigurationList section */
	};
	rootObject = 0183B9882B44A27100FACACA /* Project object */;
}
